// !$*UTF8*$!
{
	archiveVersion = 1;
	classes = {
	};
	objectVersion = 51;
	objects = {

/* Begin PBXBuildFile section */
		90662380157908829CFBEAEB /* Pods_Alamofire_demo.framework in Frameworks */ = {isa = PBXBuildFile; fileRef = 7E434519AE55939B2E376310 /* Pods_Alamofire_demo.framework */; };
		D9395C1924C6913F00C7FD0B /* AppDelegate.swift in Sources */ = {isa = PBXBuildFile; fileRef = D9395C1824C6913F00C7FD0B /* AppDelegate.swift */; };
		D9395C1B24C6913F00C7FD0B /* SceneDelegate.swift in Sources */ = {isa = PBXBuildFile; fileRef = D9395C1A24C6913F00C7FD0B /* SceneDelegate.swift */; };
		D9395C1D24C6913F00C7FD0B /* ViewController.swift in Sources */ = {isa = PBXBuildFile; fileRef = D9395C1C24C6913F00C7FD0B /* ViewController.swift */; };
		D9395C2024C6913F00C7FD0B /* Main.storyboard in Resources */ = {isa = PBXBuildFile; fileRef = D9395C1E24C6913F00C7FD0B /* Main.storyboard */; };
		D9395C2224C6914000C7FD0B /* Assets.xcassets in Resources */ = {isa = PBXBuildFile; fileRef = D9395C2124C6914000C7FD0B /* Assets.xcassets */; };
		D9395C2524C6914000C7FD0B /* LaunchScreen.storyboard in Resources */ = {isa = PBXBuildFile; fileRef = D9395C2324C6914000C7FD0B /* LaunchScreen.storyboard */; };
		D9395C2D24C691DF00C7FD0B /* Service.swift in Sources */ = {isa = PBXBuildFile; fileRef = D9395C2C24C691DF00C7FD0B /* Service.swift */; };
		D95D6B2424C6967300297A07 /* Country.swift in Sources */ = {isa = PBXBuildFile; fileRef = D95D6B2324C6967300297A07 /* Country.swift */; };
/* End PBXBuildFile section */

/* Begin PBXFileReference section */
		36B1F9110F1A4136C5F10E2D /* Pods-Alamofire_demo.release.xcconfig */ = {isa = PBXFileReference; includeInIndex = 1; lastKnownFileType = text.xcconfig; name = "Pods-Alamofire_demo.release.xcconfig"; path = "Target Support Files/Pods-Alamofire_demo/Pods-Alamofire_demo.release.xcconfig"; sourceTree = "<group>"; };
		7E434519AE55939B2E376310 /* Pods_Alamofire_demo.framework */ = {isa = PBXFileReference; explicitFileType = wrapper.framework; includeInIndex = 0; path = Pods_Alamofire_demo.framework; sourceTree = BUILT_PRODUCTS_DIR; };
		97B5F19D6AFF241EBE74A7F4 /* Pods-Alamofire_demo.debug.xcconfig */ = {isa = PBXFileReference; includeInIndex = 1; lastKnownFileType = text.xcconfig; name = "Pods-Alamofire_demo.debug.xcconfig"; path = "Target Support Files/Pods-Alamofire_demo/Pods-Alamofire_demo.debug.xcconfig"; sourceTree = "<group>"; };
		D9395C1524C6913F00C7FD0B /* Alamofire_demo.app */ = {isa = PBXFileReference; explicitFileType = wrapper.application; includeInIndex = 0; path = Alamofire_demo.app; sourceTree = BUILT_PRODUCTS_DIR; };
		D9395C1824C6913F00C7FD0B /* AppDelegate.swift */ = {isa = PBXFileReference; lastKnownFileType = sourcecode.swift; path = AppDelegate.swift; sourceTree = "<group>"; };
		D9395C1A24C6913F00C7FD0B /* SceneDelegate.swift */ = {isa = PBXFileReference; lastKnownFileType = sourcecode.swift; path = SceneDelegate.swift; sourceTree = "<group>"; };
		D9395C1C24C6913F00C7FD0B /* ViewController.swift */ = {isa = PBXFileReference; lastKnownFileType = sourcecode.swift; path = ViewController.swift; sourceTree = "<group>"; };
		D9395C1F24C6913F00C7FD0B /* Base */ = {isa = PBXFileReference; lastKnownFileType = file.storyboard; name = Base; path = Base.lproj/Main.storyboard; sourceTree = "<group>"; };
		D9395C2124C6914000C7FD0B /* Assets.xcassets */ = {isa = PBXFileReference; lastKnownFileType = folder.assetcatalog; path = Assets.xcassets; sourceTree = "<group>"; };
		D9395C2424C6914000C7FD0B /* Base */ = {isa = PBXFileReference; lastKnownFileType = file.storyboard; name = Base; path = Base.lproj/LaunchScreen.storyboard; sourceTree = "<group>"; };
		D9395C2624C6914000C7FD0B /* Info.plist */ = {isa = PBXFileReference; lastKnownFileType = text.plist.xml; path = Info.plist; sourceTree = "<group>"; };
		D9395C2C24C691DF00C7FD0B /* Service.swift */ = {isa = PBXFileReference; lastKnownFileType = sourcecode.swift; path = Service.swift; sourceTree = "<group>"; };
		D95D6B2324C6967300297A07 /* Country.swift */ = {isa = PBXFileReference; lastKnownFileType = sourcecode.swift; path = Country.swift; sourceTree = "<group>"; };
/* End PBXFileReference section */

/* Begin PBXFrameworksBuildPhase section */
		D9395C1224C6913F00C7FD0B /* Frameworks */ = {
			isa = PBXFrameworksBuildPhase;
			buildActionMask = 2147483647;
			files = (
				90662380157908829CFBEAEB /* Pods_Alamofire_demo.framework in Frameworks */,
			);
			runOnlyForDeploymentPostprocessing = 0;
		};
/* End PBXFrameworksBuildPhase section */

/* Begin PBXGroup section */
		74DAD779A98AB53D20C1578A /* Pods */ = {
			isa = PBXGroup;
			children = (
				97B5F19D6AFF241EBE74A7F4 /* Pods-Alamofire_demo.debug.xcconfig */,
				36B1F9110F1A4136C5F10E2D /* Pods-Alamofire_demo.release.xcconfig */,
			);
			path = Pods;
			sourceTree = "<group>";
		};
		D9395C0C24C6913F00C7FD0B = {
			isa = PBXGroup;
			children = (
				D9395C1724C6913F00C7FD0B /* Alamofire_demo */,
				D9395C1624C6913F00C7FD0B /* Products */,
				74DAD779A98AB53D20C1578A /* Pods */,
				F193F1199B328DD6050DD7F9 /* Frameworks */,
			);
			sourceTree = "<group>";
		};
		D9395C1624C6913F00C7FD0B /* Products */ = {
			isa = PBXGroup;
			children = (
				D9395C1524C6913F00C7FD0B /* Alamofire_demo.app */,
			);
			name = Products;
			sourceTree = "<group>";
		};
		D9395C1724C6913F00C7FD0B /* Alamofire_demo */ = {
			isa = PBXGroup;
			children = (
				D9395C1824C6913F00C7FD0B /* AppDelegate.swift */,
				D9395C1A24C6913F00C7FD0B /* SceneDelegate.swift */,
				D9395C2C24C691DF00C7FD0B /* Service.swift */,
				D95D6B2324C6967300297A07 /* Country.swift */,
				D9395C1C24C6913F00C7FD0B /* ViewController.swift */,
				D9395C1E24C6913F00C7FD0B /* Main.storyboard */,
				D9395C2124C6914000C7FD0B /* Assets.xcassets */,
				D9395C2324C6914000C7FD0B /* LaunchScreen.storyboard */,
				D9395C2624C6914000C7FD0B /* Info.plist */,
			);
			path = Alamofire_demo;
			sourceTree = "<group>";
		};
		F193F1199B328DD6050DD7F9 /* Frameworks */ = {
			isa = PBXGroup;
			children = (
				7E434519AE55939B2E376310 /* Pods_Alamofire_demo.framework */,
			);
			name = Frameworks;
			sourceTree = "<group>";
		};
/* End PBXGroup section */

/* Begin PBXNativeTarget section */
		D9395C1424C6913F00C7FD0B /* Alamofire_demo */ = {
			isa = PBXNativeTarget;
			buildConfigurationList = D9395C2924C6914000C7FD0B /* Build configuration list for PBXNativeTarget "Alamofire_demo" */;
			buildPhases = (
				6040D4B52D311828CF7A0702 /* [CP] Check Pods Manifest.lock */,
				D9395C1124C6913F00C7FD0B /* Sources */,
				D9395C1224C6913F00C7FD0B /* Frameworks */,
				D9395C1324C6913F00C7FD0B /* Resources */,
				3174398A72A70F3D980186EE /* [CP] Embed Pods Frameworks */,
			);
			buildRules = (
			);
			dependencies = (
			);
			name = Alamofire_demo;
			productName = Alamofire_demo;
			productReference = D9395C1524C6913F00C7FD0B /* Alamofire_demo.app */;
			productType = "com.apple.product-type.application";
		};
/* End PBXNativeTarget section */

/* Begin PBXProject section */
		D9395C0D24C6913F00C7FD0B /* Project object */ = {
			isa = PBXProject;
			attributes = {
				LastSwiftUpdateCheck = 1150;
				LastUpgradeCheck = 1150;
				ORGANIZATIONNAME = nhn;
				TargetAttributes = {
					D9395C1424C6913F00C7FD0B = {
						CreatedOnToolsVersion = 11.5;
					};
				};
			};
			buildConfigurationList = D9395C1024C6913F00C7FD0B /* Build configuration list for PBXProject "Alamofire_demo" */;
			compatibilityVersion = "Xcode 9.3";
			developmentRegion = en;
			hasScannedForEncodings = 0;
			knownRegions = (
				en,
				Base,
			);
			mainGroup = D9395C0C24C6913F00C7FD0B;
			productRefGroup = D9395C1624C6913F00C7FD0B /* Products */;
			projectDirPath = "";
			projectRoot = "";
			targets = (
				D9395C1424C6913F00C7FD0B /* Alamofire_demo */,
			);
		};
/* End PBXProject section */

/* Begin PBXResourcesBuildPhase section */
		D9395C1324C6913F00C7FD0B /* Resources */ = {
			isa = PBXResourcesBuildPhase;
			buildActionMask = 2147483647;
			files = (
				D9395C2524C6914000C7FD0B /* LaunchScreen.storyboard in Resources */,
				D9395C2224C6914000C7FD0B /* Assets.xcassets in Resources */,
				D9395C2024C6913F00C7FD0B /* Main.storyboard in Resources */,
			);
			runOnlyForDeploymentPostprocessing = 0;
		};
/* End PBXResourcesBuildPhase section */

/* Begin PBXShellScriptBuildPhase section */
		3174398A72A70F3D980186EE /* [CP] Embed Pods Frameworks */ = {
			isa = PBXShellScriptBuildPhase;
			buildActionMask = 2147483647;
			files = (
			);
			inputFileListPaths = (
				"${PODS_ROOT}/Target Support Files/Pods-Alamofire_demo/Pods-Alamofire_demo-frameworks-${CONFIGURATION}-input-files.xcfilelist",
			);
			name = "[CP] Embed Pods Frameworks";
			outputFileListPaths = (
				"${PODS_ROOT}/Target Support Files/Pods-Alamofire_demo/Pods-Alamofire_demo-frameworks-${CONFIGURATION}-output-files.xcfilelist",
			);
			runOnlyForDeploymentPostprocessing = 0;
			shellPath = /bin/sh;
			shellScript = "\"${PODS_ROOT}/Target Support Files/Pods-Alamofire_demo/Pods-Alamofire_demo-frameworks.sh\"\n";
			showEnvVarsInLog = 0;
		};
		6040D4B52D311828CF7A0702 /* [CP] Check Pods Manifest.lock */ = {
			isa = PBXShellScriptBuildPhase;
			buildActionMask = 2147483647;
			files = (
			);
			inputFileListPaths = (
			);
			inputPaths = (
				"${PODS_PODFILE_DIR_PATH}/Podfile.lock",
				"${PODS_ROOT}/Manifest.lock",
			);
			name = "[CP] Check Pods Manifest.lock";
			outputFileListPaths = (
			);
			outputPaths = (
				"$(DERIVED_FILE_DIR)/Pods-Alamofire_demo-checkManifestLockResult.txt",
			);
			runOnlyForDeploymentPostprocessing = 0;
			shellPath = /bin/sh;
			shellScript = "diff \"${PODS_PODFILE_DIR_PATH}/Podfile.lock\" \"${PODS_ROOT}/Manifest.lock\" > /dev/null\nif [ $? != 0 ] ; then\n    # print error to STDERR\n    echo \"error: The sandbox is not in sync with the Podfile.lock. Run 'pod install' or update your CocoaPods installation.\" >&2\n    exit 1\nfi\n# This output is used by Xcode 'outputs' to avoid re-running this script phase.\necho \"SUCCESS\" > \"${SCRIPT_OUTPUT_FILE_0}\"\n";
			showEnvVarsInLog = 0;
		};
/* End PBXShellScriptBuildPhase section */

/* Begin PBXSourcesBuildPhase section */
		D9395C1124C6913F00C7FD0B /* Sources */ = {
			isa = PBXSourcesBuildPhase;
			buildActionMask = 2147483647;
			files = (
				D9395C1D24C6913F00C7FD0B /* ViewController.swift in Sources */,
				D9395C2D24C691DF00C7FD0B /* Service.swift in Sources */,
				D9395C1924C6913F00C7FD0B /* AppDelegate.swift in Sources */,
				D95D6B2424C6967300297A07 /* Country.swift in Sources */,
				D9395C1B24C6913F00C7FD0B /* SceneDelegate.swift in Sources */,
			);
			runOnlyForDeploymentPostprocessing = 0;
		};
/* End PBXSourcesBuildPhase section */

/* Begin PBXVariantGroup section */
		D9395C1E24C6913F00C7FD0B /* Main.storyboard */ = {
			isa = PBXVariantGroup;
			children = (
				D9395C1F24C6913F00C7FD0B /* Base */,
			);
			name = Main.storyboard;
			sourceTree = "<group>";
		};
		D9395C2324C6914000C7FD0B /* LaunchScreen.storyboard */ = {
			isa = PBXVariantGroup;
			children = (
				D9395C2424C6914000C7FD0B /* Base */,
			);
			name = LaunchScreen.storyboard;
			sourceTree = "<group>";
		};
/* End PBXVariantGroup section */

/* Begin XCBuildConfiguration section */
		D9395C2724C6914000C7FD0B /* Debug */ = {
			isa = XCBuildConfiguration;
			buildSettings = {
				ALWAYS_SEARCH_USER_PATHS = NO;
				CLANG_ANALYZER_NONNULL = YES;
				CLANG_ANALYZER_NUMBER_OBJECT_CONVERSION = YES_AGGRESSIVE;
				CLANG_CXX_LANGUAGE_STANDARD = "gnu++14";
				CLANG_CXX_LIBRARY = "libc++";
				CLANG_ENABLE_MODULES = YES;
				CLANG_ENABLE_OBJC_ARC = YES;
				CLANG_ENABLE_OBJC_WEAK = YES;
				CLANG_WARN_BLOCK_CAPTURE_AUTORELEASING = YES;
				CLANG_WARN_BOOL_CONVERSION = YES;
				CLANG_WARN_COMMA = YES;
				CLANG_WARN_CONSTANT_CONVERSION = YES;
				CLANG_WARN_DEPRECATED_OBJC_IMPLEMENTATIONS = YES;
				CLANG_WARN_DIRECT_OBJC_ISA_USAGE = YES_ERROR;
				CLANG_WARN_DOCUMENTATION_COMMENTS = YES;
				CLANG_WARN_EMPTY_BODY = YES;
				CLANG_WARN_ENUM_CONVERSION = YES;
				CLANG_WARN_INFINITE_RECURSION = YES;
				CLANG_WARN_INT_CONVERSION = YES;
				CLANG_WARN_NON_LITERAL_NULL_CONVERSION = YES;
				CLANG_WARN_OBJC_IMPLICIT_RETAIN_SELF = YES;
				CLANG_WARN_OBJC_LITERAL_CONVERSION = YES;
				CLANG_WARN_OBJC_ROOT_CLASS = YES_ERROR;
				CLANG_WARN_RANGE_LOOP_ANALYSIS = YES;
				CLANG_WARN_STRICT_PROTOTYPES = YES;
				CLANG_WARN_SUSPICIOUS_MOVE = YES;
				CLANG_WARN_UNGUARDED_AVAILABILITY = YES_AGGRESSIVE;
				CLANG_WARN_UNREACHABLE_CODE = YES;
				CLANG_WARN__DUPLICATE_METHOD_MATCH = YES;
				COPY_PHASE_STRIP = NO;
				DEBUG_INFORMATION_FORMAT = dwarf;
				ENABLE_STRICT_OBJC_MSGSEND = YES;
				ENABLE_TESTABILITY = YES;
				GCC_C_LANGUAGE_STANDARD = gnu11;
				GCC_DYNAMIC_NO_PIC = NO;
				GCC_NO_COMMON_BLOCKS = YES;
				GCC_OPTIMIZATION_LEVEL = 0;
				GCC_PREPROCESSOR_DEFINITIONS = (
					"DEBUG=1",
					"$(inherited)",
				);
				GCC_WARN_64_TO_32_BIT_CONVERSION = YES;
				GCC_WARN_ABOUT_RETURN_TYPE = YES_ERROR;
				GCC_WARN_UNDECLARED_SELECTOR = YES;
				GCC_WARN_UNINITIALIZED_AUTOS = YES_AGGRESSIVE;
				GCC_WARN_UNUSED_FUNCTION = YES;
				GCC_WARN_UNUSED_VARIABLE = YES;
				IPHONEOS_DEPLOYMENT_TARGET = 13.5;
				MTL_ENABLE_DEBUG_INFO = INCLUDE_SOURCE;
				MTL_FAST_MATH = YES;
				ONLY_ACTIVE_ARCH = YES;
				SDKROOT = iphoneos;
				SWIFT_ACTIVE_COMPILATION_CONDITIONS = DEBUG;
				SWIFT_OPTIMIZATION_LEVEL = "-Onone";
			};
			name = Debug;
		};
		D9395C2824C6914000C7FD0B /* Release */ = {
			isa = XCBuildConfiguration;
			buildSettings = {
				ALWAYS_SEARCH_USER_PATHS = NO;
				CLANG_ANALYZER_NONNULL = YES;
				CLANG_ANALYZER_NUMBER_OBJECT_CONVERSION = YES_AGGRESSIVE;
				CLANG_CXX_LANGUAGE_STANDARD = "gnu++14";
				CLANG_CXX_LIBRARY = "libc++";
				CLANG_ENABLE_MODULES = YES;
				CLANG_ENABLE_OBJC_ARC = YES;
				CLANG_ENABLE_OBJC_WEAK = YES;
				CLANG_WARN_BLOCK_CAPTURE_AUTORELEASING = YES;
				CLANG_WARN_BOOL_CONVERSION = YES;
				CLANG_WARN_COMMA = YES;
				CLANG_WARN_CONSTANT_CONVERSION = YES;
				CLANG_WARN_DEPRECATED_OBJC_IMPLEMENTATIONS = YES;
				CLANG_WARN_DIRECT_OBJC_ISA_USAGE = YES_ERROR;
				CLANG_WARN_DOCUMENTATION_COMMENTS = YES;
				CLANG_WARN_EMPTY_BODY = YES;
				CLANG_WARN_ENUM_CONVERSION = YES;
				CLANG_WARN_INFINITE_RECURSION = YES;
				CLANG_WARN_INT_CONVERSION = YES;
				CLANG_WARN_NON_LITERAL_NULL_CONVERSION = YES;
				CLANG_WARN_OBJC_IMPLICIT_RETAIN_SELF = YES;
				CLANG_WARN_OBJC_LITERAL_CONVERSION = YES;
				CLANG_WARN_OBJC_ROOT_CLASS = YES_ERROR;
				CLANG_WARN_RANGE_LOOP_ANALYSIS = YES;
				CLANG_WARN_STRICT_PROTOTYPES = YES;
				CLANG_WARN_SUSPICIOUS_MOVE = YES;
				CLANG_WARN_UNGUARDED_AVAILABILITY = YES_AGGRESSIVE;
				CLANG_WARN_UNREACHABLE_CODE = YES;
				CLANG_WARN__DUPLICATE_METHOD_MATCH = YES;
				COPY_PHASE_STRIP = NO;
				DEBUG_INFORMATION_FORMAT = "dwarf-with-dsym";
				ENABLE_NS_ASSERTIONS = NO;
				ENABLE_STRICT_OBJC_MSGSEND = YES;
				GCC_C_LANGUAGE_STANDARD = gnu11;
				GCC_NO_COMMON_BLOCKS = YES;
				GCC_WARN_64_TO_32_BIT_CONVERSION = YES;
				GCC_WARN_ABOUT_RETURN_TYPE = YES_ERROR;
				GCC_WARN_UNDECLARED_SELECTOR = YES;
				GCC_WARN_UNINITIALIZED_AUTOS = YES_AGGRESSIVE;
				GCC_WARN_UNUSED_FUNCTION = YES;
				GCC_WARN_UNUSED_VARIABLE = YES;
				IPHONEOS_DEPLOYMENT_TARGET = 13.5;
				MTL_ENABLE_DEBUG_INFO = NO;
				MTL_FAST_MATH = YES;
				SDKROOT = iphoneos;
				SWIFT_COMPILATION_MODE = wholemodule;
				SWIFT_OPTIMIZATION_LEVEL = "-O";
				VALIDATE_PRODUCT = YES;
			};
			name = Release;
		};
		D9395C2A24C6914000C7FD0B /* Debug */ = {
			isa = XCBuildConfiguration;
			baseConfigurationReference = 97B5F19D6AFF241EBE74A7F4 /* Pods-Alamofire_demo.debug.xcconfig */;
			buildSettings = {
				ASSETCATALOG_COMPILER_APPICON_NAME = AppIcon;
				CODE_SIGN_STYLE = Automatic;
				INFOPLIST_FILE = Alamofire_demo/Info.plist;
				LD_RUNPATH_SEARCH_PATHS = (
					"$(inherited)",
					"@executable_path/Frameworks",
				);
				PRODUCT_BUNDLE_IDENTIFIER = "NHN.Alamofire-demo";
				PRODUCT_NAME = "$(TARGET_NAME)";
				SWIFT_VERSION = 5.0;
				TARGETED_DEVICE_FAMILY = "1,2";
			};
			name = Debug;
		};
		D9395C2B24C6914000C7FD0B /* Release */ = {
			isa = XCBuildConfiguration;
			baseConfigurationReference = 36B1F9110F1A4136C5F10E2D /* Pods-Alamofire_demo.release.xcconfig */;
			buildSettings = {
				ASSETCATALOG_COMPILER_APPICON_NAME = AppIcon;
				CODE_SIGN_STYLE = Automatic;
				INFOPLIST_FILE = Alamofire_demo/Info.plist;
				LD_RUNPATH_SEARCH_PATHS = (
					"$(inherited)",
					"@executable_path/Frameworks",
				);
				PRODUCT_BUNDLE_IDENTIFIER = "NHN.Alamofire-demo";
				PRODUCT_NAME = "$(TARGET_NAME)";
				SWIFT_VERSION = 5.0;
				TARGETED_DEVICE_FAMILY = "1,2";
			};
			name = Release;
		};
/* End XCBuildConfiguration section */

/* Begin XCConfigurationList section */
		D9395C1024C6913F00C7FD0B /* Build configuration list for PBXProject "Alamofire_demo" */ = {
			isa = XCConfigurationList;
			buildConfigurations = (
				D9395C2724C6914000C7FD0B /* Debug */,
				D9395C2824C6914000C7FD0B /* Release */,
			);
			defaultConfigurationIsVisible = 0;
			defaultConfigurationName = Release;
		};
		D9395C2924C6914000C7FD0B /* Build configuration list for PBXNativeTarget "Alamofire_demo" */ = {
			isa = XCConfigurationList;
			buildConfigurations = (
				D9395C2A24C6914000C7FD0B /* Debug */,
				D9395C2B24C6914000C7FD0B /* Release */,
			);
			defaultConfigurationIsVisible = 0;
			defaultConfigurationName = Release;
		};
/* End XCConfigurationList section */
	};
	rootObject = D9395C0D24C6913F00C7FD0B /* Project object */;
}
